
Microsoft Visual Studio Solution File, Format Version 12.00
# Visual Studio Version 16
VisualStudioVersion = 16.0.31702.278
MinimumVisualStudioVersion = 10.0.40219.1
Project("{FAE04EC0-301F-11D3-BF4B-00C04F79EFBC}") = "LoopFor", "Z4_z1_kvadrat\LoopFor.csproj", "{39C3C14D-A280-4499-89FD-78B8357F3433}"
EndProject
Project("{FAE04EC0-301F-11D3-BF4B-00C04F79EFBC}") = "LoopWhile", "LoopWhile\LoopWhile.csproj", "{0078984A-0949-498B-85B0-C2BABA9C216B}"
EndProject
Project("{FAE04EC0-301F-11D3-BF4B-00C04F79EFBC}") = "LoopDo", "LoopDo\LoopDo.csproj", "{7A19EDFA-ED72-415A-99F1-D17F24240BA3}"
EndProject
Global
	GlobalSection(SolutionConfigurationPlatforms) = preSolution
		Debug|Any CPU = Debug|Any CPU
		Release|Any CPU = Release|Any CPU
	EndGlobalSection
	GlobalSection(ProjectConfigurationPlatforms) = postSolution
		{39C3C14D-A280-4499-89FD-78B8357F3433}.Debug|Any CPU.ActiveCfg = Debug|Any CPU
		{39C3C14D-A280-4499-89FD-78B8357F3433}.Debug|Any CPU.Build.0 = Debug|Any CPU
		{39C3C14D-A280-4499-89FD-78B8357F3433}.Release|Any CPU.ActiveCfg = Release|Any CPU
		{39C3C14D-A280-4499-89FD-78B8357F3433}.Release|Any CPU.Build.0 = Release|Any CPU
		{0078984A-0949-498B-85B0-C2BABA9C216B}.Debug|Any CPU.ActiveCfg = Debug|Any CPU
		{0078984A-0949-498B-85B0-C2BABA9C216B}.Debug|Any CPU.Build.0 = Debug|Any CPU
		{0078984A-0949-498B-85B0-C2BABA9C216B}.Release|Any CPU.ActiveCfg = Release|Any CPU
		{0078984A-0949-498B-85B0-C2BABA9C216B}.Release|Any CPU.Build.0 = Release|Any CPU
		{7A19EDFA-ED72-415A-99F1-D17F24240BA3}.Debug|Any CPU.ActiveCfg = Debug|Any CPU
		{7A19EDFA-ED72-415A-99F1-D17F24240BA3}.Debug|Any CPU.Build.0 = Debug|Any CPU
		{7A19EDFA-ED72-415A-99F1-D17F24240BA3}.Release|Any CPU.ActiveCfg = Release|Any CPU
		{7A19EDFA-ED72-415A-99F1-D17F24240BA3}.Release|Any CPU.Build.0 = Release|Any CPU
	EndGlobalSection
	GlobalSection(SolutionProperties) = preSolution
		HideSolutionNode = FALSE
	EndGlobalSection
	GlobalSection(ExtensibilityGlobals) = postSolution
		SolutionGuid = {9759643A-4432-42AD-98E1-8D6C9C503B95}
	EndGlobalSection
EndGlobal
